
Microsoft Visual Studio Solution File, Format Version 12.00
# Visual Studio Version 17
VisualStudioVersion = 17.7.34024.191
MinimumVisualStudioVersion = 10.0.40219.1
Project("{FAE04EC0-301F-11D3-BF4B-00C04F79EFBC}") = "cat-a-log", "cat-a-log.csproj", "{B9435C24-48AE-4FAB-B623-DF8256AAF624}"
EndProject
Global
	GlobalSection(SolutionConfigurationPlatforms) = preSolution
		Debug|Any CPU = Debug|Any CPU
		Release|Any CPU = Release|Any CPU
	EndGlobalSection
	GlobalSection(ProjectConfigurationPlatforms) = postSolution
		{B9435C24-48AE-4FAB-B623-DF8256AAF624}.Debug|Any CPU.ActiveCfg = Debug|Any CPU
		{B9435C24-48AE-4FAB-B623-DF8256AAF624}.Debug|Any CPU.Build.0 = Debug|Any CPU
		{B9435C24-48AE-4FAB-B623-DF8256AAF624}.Debug|Any CPU.Deploy.0 = Debug|Any CPU
		{B9435C24-48AE-4FAB-B623-DF8256AAF624}.Release|Any CPU.ActiveCfg = Release|Any CPU
		{B9435C24-48AE-4FAB-B623-DF8256AAF624}.Release|Any CPU.Build.0 = Release|Any CPU
		{B9435C24-48AE-4FAB-B623-DF8256AAF624}.Release|Any CPU.Deploy.0 = Release|Any CPU
	EndGlobalSection
	GlobalSection(SolutionProperties) = preSolution
		HideSolutionNode = FALSE
	EndGlobalSection
	GlobalSection(ExtensibilityGlobals) = postSolution
		SolutionGuid = {F9968F04-3691-4D21-B12E-B8BE5DE50249}
	EndGlobalSection
EndGlobal
